// !$*UTF8*$!
{
	archiveVersion = 1;
	classes = {
	};
	objectVersion = 56;
	objects = {

/* Begin PBXBuildFile section */
		114798152C4FE7980091018E /* checkout_ui.framework in Frameworks */ = {isa = PBXBuildFile; fileRef = 114798142C4FE7980091018E /* checkout_ui.framework */; };
		114798162C4FE7980091018E /* checkout_ui.framework in Embed Frameworks */ = {isa = PBXBuildFile; fileRef = 114798142C4FE7980091018E /* checkout_ui.framework */; settings = {ATTRIBUTES = (CodeSignOnCopy, RemoveHeadersOnCopy, ); }; };
		1147CF932C0D158200B4F3D9 /* stores_ui.framework in Frameworks */ = {isa = PBXBuildFile; fileRef = 1147CF922C0D158200B4F3D9 /* stores_ui.framework */; };
		1147CF942C0D158200B4F3D9 /* stores_ui.framework in Embed Frameworks */ = {isa = PBXBuildFile; fileRef = 1147CF922C0D158200B4F3D9 /* stores_ui.framework */; settings = {ATTRIBUTES = (CodeSignOnCopy, RemoveHeadersOnCopy, ); }; };
		11490B352C0CEDC100888A39 /* dandelionApp.swift in Sources */ = {isa = PBXBuildFile; fileRef = 11490B342C0CEDC100888A39 /* dandelionApp.swift */; };
		11490B372C0CEDC100888A39 /* ContentView.swift in Sources */ = {isa = PBXBuildFile; fileRef = 11490B362C0CEDC100888A39 /* ContentView.swift */; };
		11490B392C0CEDC200888A39 /* Assets.xcassets in Resources */ = {isa = PBXBuildFile; fileRef = 11490B382C0CEDC200888A39 /* Assets.xcassets */; };
		11490B3C2C0CEDC200888A39 /* Preview Assets.xcassets in Resources */ = {isa = PBXBuildFile; fileRef = 11490B3B2C0CEDC200888A39 /* Preview Assets.xcassets */; };
		11490BD22C0CF2EA00888A39 /* core_ios.framework in Frameworks */ = {isa = PBXBuildFile; fileRef = 11490BD12C0CF2EA00888A39 /* core_ios.framework */; };
		11490BD32C0CF2EA00888A39 /* core_ios.framework in Embed Frameworks */ = {isa = PBXBuildFile; fileRef = 11490BD12C0CF2EA00888A39 /* core_ios.framework */; settings = {ATTRIBUTES = (CodeSignOnCopy, RemoveHeadersOnCopy, ); }; };
		11490BD62C0CF2EF00888A39 /* common.framework in Frameworks */ = {isa = PBXBuildFile; fileRef = 11490BD52C0CF2EF00888A39 /* common.framework */; };
		11490BD72C0CF2EF00888A39 /* common.framework in Embed Frameworks */ = {isa = PBXBuildFile; fileRef = 11490BD52C0CF2EF00888A39 /* common.framework */; settings = {ATTRIBUTES = (CodeSignOnCopy, RemoveHeadersOnCopy, ); }; };
		11490BD92C0CF2F400888A39 /* persistence.framework in Frameworks */ = {isa = PBXBuildFile; fileRef = 11490BD82C0CF2F400888A39 /* persistence.framework */; };
		11490BDA2C0CF2F400888A39 /* persistence.framework in Embed Frameworks */ = {isa = PBXBuildFile; fileRef = 11490BD82C0CF2F400888A39 /* persistence.framework */; settings = {ATTRIBUTES = (CodeSignOnCopy, RemoveHeadersOnCopy, ); }; };
		11490BDC2C0CF2F900888A39 /* networking.framework in Frameworks */ = {isa = PBXBuildFile; fileRef = 11490BDB2C0CF2F900888A39 /* networking.framework */; };
		11490BDD2C0CF2F900888A39 /* networking.framework in Embed Frameworks */ = {isa = PBXBuildFile; fileRef = 11490BDB2C0CF2F900888A39 /* networking.framework */; settings = {ATTRIBUTES = (CodeSignOnCopy, RemoveHeadersOnCopy, ); }; };
		11490BDF2C0CF30600888A39 /* stores.framework in Frameworks */ = {isa = PBXBuildFile; fileRef = 11490BDE2C0CF30600888A39 /* stores.framework */; };
		11490BE02C0CF30600888A39 /* stores.framework in Embed Frameworks */ = {isa = PBXBuildFile; fileRef = 11490BDE2C0CF30600888A39 /* stores.framework */; settings = {ATTRIBUTES = (CodeSignOnCopy, RemoveHeadersOnCopy, ); }; };
		11490BE22C0CF30A00888A39 /* checkout.framework in Frameworks */ = {isa = PBXBuildFile; fileRef = 11490BE12C0CF30A00888A39 /* checkout.framework */; };
		11490BE32C0CF30A00888A39 /* checkout.framework in Embed Frameworks */ = {isa = PBXBuildFile; fileRef = 11490BE12C0CF30A00888A39 /* checkout.framework */; settings = {ATTRIBUTES = (CodeSignOnCopy, RemoveHeadersOnCopy, ); }; };
		11490BE52C0CF31100888A39 /* user.framework in Frameworks */ = {isa = PBXBuildFile; fileRef = 11490BE42C0CF31100888A39 /* user.framework */; };
		11490BE62C0CF31100888A39 /* user.framework in Embed Frameworks */ = {isa = PBXBuildFile; fileRef = 11490BE42C0CF31100888A39 /* user.framework */; settings = {ATTRIBUTES = (CodeSignOnCopy, RemoveHeadersOnCopy, ); }; };
		116A443F2C8D0571008E442F /* routing.framework in Frameworks */ = {isa = PBXBuildFile; fileRef = 116A443E2C8D0571008E442F /* routing.framework */; };
		116A44402C8D0572008E442F /* routing.framework in Embed Frameworks */ = {isa = PBXBuildFile; fileRef = 116A443E2C8D0571008E442F /* routing.framework */; settings = {ATTRIBUTES = (CodeSignOnCopy, RemoveHeadersOnCopy, ); }; };
		116A44612C8D0BA3008E442F /* NavigationExtension.swift in Sources */ = {isa = PBXBuildFile; fileRef = 116A44602C8D0BA3008E442F /* NavigationExtension.swift */; };
		116A44CD2C938F3D008E442F /* orders.framework in Frameworks */ = {isa = PBXBuildFile; fileRef = 116A44CC2C938F3D008E442F /* orders.framework */; };
		116A44CE2C938F3D008E442F /* orders.framework in Embed Frameworks */ = {isa = PBXBuildFile; fileRef = 116A44CC2C938F3D008E442F /* orders.framework */; settings = {ATTRIBUTES = (CodeSignOnCopy, RemoveHeadersOnCopy, ); }; };
		116A44E92C938FCC008E442F /* orders_ui.framework in Frameworks */ = {isa = PBXBuildFile; fileRef = 116A44E82C938FCC008E442F /* orders_ui.framework */; };
		116A44EA2C938FCC008E442F /* orders_ui.framework in Embed Frameworks */ = {isa = PBXBuildFile; fileRef = 116A44E82C938FCC008E442F /* orders_ui.framework */; settings = {ATTRIBUTES = (CodeSignOnCopy, RemoveHeadersOnCopy, ); }; };
		118942D22C0DA36F005DA10E /* ui_dandelion.framework in Frameworks */ = {isa = PBXBuildFile; fileRef = 118942D12C0DA36F005DA10E /* ui_dandelion.framework */; };
		118942D32C0DA36F005DA10E /* ui_dandelion.framework in Embed Frameworks */ = {isa = PBXBuildFile; fileRef = 118942D12C0DA36F005DA10E /* ui_dandelion.framework */; settings = {ATTRIBUTES = (CodeSignOnCopy, RemoveHeadersOnCopy, ); }; };
/* End PBXBuildFile section */

/* Begin PBXCopyFilesBuildPhase section */
		11490BD42C0CF2EA00888A39 /* Embed Frameworks */ = {
			isa = PBXCopyFilesBuildPhase;
			buildActionMask = 2147483647;
			dstPath = "";
			dstSubfolderSpec = 10;
			files = (
				114798162C4FE7980091018E /* checkout_ui.framework in Embed Frameworks */,
				11490BDD2C0CF2F900888A39 /* networking.framework in Embed Frameworks */,
				11490BD32C0CF2EA00888A39 /* core_ios.framework in Embed Frameworks */,
				11490BE32C0CF30A00888A39 /* checkout.framework in Embed Frameworks */,
				11490BE02C0CF30600888A39 /* stores.framework in Embed Frameworks */,
				116A44402C8D0572008E442F /* routing.framework in Embed Frameworks */,
				1147CF942C0D158200B4F3D9 /* stores_ui.framework in Embed Frameworks */,
				116A44CE2C938F3D008E442F /* orders.framework in Embed Frameworks */,
				11490BD72C0CF2EF00888A39 /* common.framework in Embed Frameworks */,
				116A44EA2C938FCC008E442F /* orders_ui.framework in Embed Frameworks */,
				118942D32C0DA36F005DA10E /* ui_dandelion.framework in Embed Frameworks */,
				11490BDA2C0CF2F400888A39 /* persistence.framework in Embed Frameworks */,
				11490BE62C0CF31100888A39 /* user.framework in Embed Frameworks */,
			);
			name = "Embed Frameworks";
			runOnlyForDeploymentPostprocessing = 0;
		};
/* End PBXCopyFilesBuildPhase section */

/* Begin PBXFileReference section */
		114798142C4FE7980091018E /* checkout_ui.framework */ = {isa = PBXFileReference; explicitFileType = wrapper.framework; path = checkout_ui.framework; sourceTree = BUILT_PRODUCTS_DIR; };
		1147CF922C0D158200B4F3D9 /* stores_ui.framework */ = {isa = PBXFileReference; explicitFileType = wrapper.framework; path = stores_ui.framework; sourceTree = BUILT_PRODUCTS_DIR; };
		11490B312C0CEDC100888A39 /* dandelion.app */ = {isa = PBXFileReference; explicitFileType = wrapper.application; includeInIndex = 0; path = dandelion.app; sourceTree = BUILT_PRODUCTS_DIR; };
		11490B342C0CEDC100888A39 /* dandelionApp.swift */ = {isa = PBXFileReference; lastKnownFileType = sourcecode.swift; path = dandelionApp.swift; sourceTree = "<group>"; };
		11490B362C0CEDC100888A39 /* ContentView.swift */ = {isa = PBXFileReference; lastKnownFileType = sourcecode.swift; path = ContentView.swift; sourceTree = "<group>"; };
		11490B382C0CEDC200888A39 /* Assets.xcassets */ = {isa = PBXFileReference; lastKnownFileType = folder.assetcatalog; path = Assets.xcassets; sourceTree = "<group>"; };
		11490B3B2C0CEDC200888A39 /* Preview Assets.xcassets */ = {isa = PBXFileReference; lastKnownFileType = folder.assetcatalog; path = "Preview Assets.xcassets"; sourceTree = "<group>"; };
		11490BD12C0CF2EA00888A39 /* core_ios.framework */ = {isa = PBXFileReference; explicitFileType = wrapper.framework; path = core_ios.framework; sourceTree = BUILT_PRODUCTS_DIR; };
		11490BD52C0CF2EF00888A39 /* common.framework */ = {isa = PBXFileReference; explicitFileType = wrapper.framework; path = common.framework; sourceTree = BUILT_PRODUCTS_DIR; };
		11490BD82C0CF2F400888A39 /* persistence.framework */ = {isa = PBXFileReference; explicitFileType = wrapper.framework; path = persistence.framework; sourceTree = BUILT_PRODUCTS_DIR; };
		11490BDB2C0CF2F900888A39 /* networking.framework */ = {isa = PBXFileReference; explicitFileType = wrapper.framework; path = networking.framework; sourceTree = BUILT_PRODUCTS_DIR; };
		11490BDE2C0CF30600888A39 /* stores.framework */ = {isa = PBXFileReference; explicitFileType = wrapper.framework; path = stores.framework; sourceTree = BUILT_PRODUCTS_DIR; };
		11490BE12C0CF30A00888A39 /* checkout.framework */ = {isa = PBXFileReference; explicitFileType = wrapper.framework; path = checkout.framework; sourceTree = BUILT_PRODUCTS_DIR; };
		11490BE42C0CF31100888A39 /* user.framework */ = {isa = PBXFileReference; explicitFileType = wrapper.framework; path = user.framework; sourceTree = BUILT_PRODUCTS_DIR; };
		116A443E2C8D0571008E442F /* routing.framework */ = {isa = PBXFileReference; explicitFileType = wrapper.framework; path = routing.framework; sourceTree = BUILT_PRODUCTS_DIR; };
		116A44602C8D0BA3008E442F /* NavigationExtension.swift */ = {isa = PBXFileReference; lastKnownFileType = sourcecode.swift; path = NavigationExtension.swift; sourceTree = "<group>"; };
		116A44CC2C938F3D008E442F /* orders.framework */ = {isa = PBXFileReference; explicitFileType = wrapper.framework; path = orders.framework; sourceTree = BUILT_PRODUCTS_DIR; };
		116A44E82C938FCC008E442F /* orders_ui.framework */ = {isa = PBXFileReference; explicitFileType = wrapper.framework; path = orders_ui.framework; sourceTree = BUILT_PRODUCTS_DIR; };
		118942D12C0DA36F005DA10E /* ui_dandelion.framework */ = {isa = PBXFileReference; explicitFileType = wrapper.framework; path = ui_dandelion.framework; sourceTree = BUILT_PRODUCTS_DIR; };
/* End PBXFileReference section */

/* Begin PBXFrameworksBuildPhase section */
		11490B2E2C0CEDC100888A39 /* Frameworks */ = {
			isa = PBXFrameworksBuildPhase;
			buildActionMask = 2147483647;
			files = (
				114798152C4FE7980091018E /* checkout_ui.framework in Frameworks */,
				11490BDC2C0CF2F900888A39 /* networking.framework in Frameworks */,
				11490BD22C0CF2EA00888A39 /* core_ios.framework in Frameworks */,
				11490BE22C0CF30A00888A39 /* checkout.framework in Frameworks */,
				11490BDF2C0CF30600888A39 /* stores.framework in Frameworks */,
				116A443F2C8D0571008E442F /* routing.framework in Frameworks */,
				1147CF932C0D158200B4F3D9 /* stores_ui.framework in Frameworks */,
				116A44CD2C938F3D008E442F /* orders.framework in Frameworks */,
				11490BD62C0CF2EF00888A39 /* common.framework in Frameworks */,
				116A44E92C938FCC008E442F /* orders_ui.framework in Frameworks */,
				118942D22C0DA36F005DA10E /* ui_dandelion.framework in Frameworks */,
				11490BD92C0CF2F400888A39 /* persistence.framework in Frameworks */,
				11490BE52C0CF31100888A39 /* user.framework in Frameworks */,
			);
			runOnlyForDeploymentPostprocessing = 0;
		};
/* End PBXFrameworksBuildPhase section */

/* Begin PBXGroup section */
		11490B282C0CEDC100888A39 = {
			isa = PBXGroup;
			children = (
				11490B332C0CEDC100888A39 /* dandelion */,
				11490B322C0CEDC100888A39 /* Products */,
				11490BD02C0CF2EA00888A39 /* Frameworks */,
			);
			sourceTree = "<group>";
		};
		11490B322C0CEDC100888A39 /* Products */ = {
			isa = PBXGroup;
			children = (
				11490B312C0CEDC100888A39 /* dandelion.app */,
			);
			name = Products;
			sourceTree = "<group>";
		};
		11490B332C0CEDC100888A39 /* dandelion */ = {
			isa = PBXGroup;
			children = (
				11490B342C0CEDC100888A39 /* dandelionApp.swift */,
				11490B362C0CEDC100888A39 /* ContentView.swift */,
				11490B382C0CEDC200888A39 /* Assets.xcassets */,
				11490B3A2C0CEDC200888A39 /* Preview Content */,
				116A44602C8D0BA3008E442F /* NavigationExtension.swift */,
			);
			path = dandelion;
			sourceTree = "<group>";
		};
		11490B3A2C0CEDC200888A39 /* Preview Content */ = {
			isa = PBXGroup;
			children = (
				11490B3B2C0CEDC200888A39 /* Preview Assets.xcassets */,
			);
			path = "Preview Content";
			sourceTree = "<group>";
		};
		11490BD02C0CF2EA00888A39 /* Frameworks */ = {
			isa = PBXGroup;
			children = (
				116A44E82C938FCC008E442F /* orders_ui.framework */,
				116A44CC2C938F3D008E442F /* orders.framework */,
				116A443E2C8D0571008E442F /* routing.framework */,
				114798142C4FE7980091018E /* checkout_ui.framework */,
				118942D12C0DA36F005DA10E /* ui_dandelion.framework */,
				1147CF922C0D158200B4F3D9 /* stores_ui.framework */,
				11490BE42C0CF31100888A39 /* user.framework */,
				11490BE12C0CF30A00888A39 /* checkout.framework */,
				11490BDE2C0CF30600888A39 /* stores.framework */,
				11490BDB2C0CF2F900888A39 /* networking.framework */,
				11490BD82C0CF2F400888A39 /* persistence.framework */,
				11490BD52C0CF2EF00888A39 /* common.framework */,
				11490BD12C0CF2EA00888A39 /* core_ios.framework */,
			);
			name = Frameworks;
			sourceTree = "<group>";
		};
/* End PBXGroup section */

/* Begin PBXNativeTarget section */
		11490B302C0CEDC100888A39 /* dandelion */ = {
			isa = PBXNativeTarget;
			buildConfigurationList = 11490B3F2C0CEDC200888A39 /* Build configuration list for PBXNativeTarget "dandelion" */;
			buildPhases = (
				11490B2D2C0CEDC100888A39 /* Sources */,
				11490B2E2C0CEDC100888A39 /* Frameworks */,
				11490B2F2C0CEDC100888A39 /* Resources */,
				11490BD42C0CF2EA00888A39 /* Embed Frameworks */,
			);
			buildRules = (
			);
			dependencies = (
			);
			name = dandelion;
			productName = dandelion;
			productReference = 11490B312C0CEDC100888A39 /* dandelion.app */;
			productType = "com.apple.product-type.application";
		};
/* End PBXNativeTarget section */

/* Begin PBXProject section */
		11490B292C0CEDC100888A39 /* Project object */ = {
			isa = PBXProject;
			attributes = {
				BuildIndependentTargetsInParallel = 1;
				LastSwiftUpdateCheck = 1540;
				LastUpgradeCheck = 1540;
				TargetAttributes = {
					11490B302C0CEDC100888A39 = {
						CreatedOnToolsVersion = 15.4;
					};
				};
			};
			buildConfigurationList = 11490B2C2C0CEDC100888A39 /* Build configuration list for PBXProject "dandelion" */;
			compatibilityVersion = "Xcode 14.0";
			developmentRegion = en;
			hasScannedForEncodings = 0;
			knownRegions = (
				en,
				Base,
			);
			mainGroup = 11490B282C0CEDC100888A39;
			productRefGroup = 11490B322C0CEDC100888A39 /* Products */;
			projectDirPath = "";
			projectRoot = "";
			targets = (
				11490B302C0CEDC100888A39 /* dandelion */,
			);
		};
/* End PBXProject section */

/* Begin PBXResourcesBuildPhase section */
		11490B2F2C0CEDC100888A39 /* Resources */ = {
			isa = PBXResourcesBuildPhase;
			buildActionMask = 2147483647;
			files = (
				11490B3C2C0CEDC200888A39 /* Preview Assets.xcassets in Resources */,
				11490B392C0CEDC200888A39 /* Assets.xcassets in Resources */,
			);
			runOnlyForDeploymentPostprocessing = 0;
		};
/* End PBXResourcesBuildPhase section */

/* Begin PBXSourcesBuildPhase section */
		11490B2D2C0CEDC100888A39 /* Sources */ = {
			isa = PBXSourcesBuildPhase;
			buildActionMask = 2147483647;
			files = (
				11490B372C0CEDC100888A39 /* ContentView.swift in Sources */,
				11490B352C0CEDC100888A39 /* dandelionApp.swift in Sources */,
				116A44612C8D0BA3008E442F /* NavigationExtension.swift in Sources */,
			);
			runOnlyForDeploymentPostprocessing = 0;
		};
/* End PBXSourcesBuildPhase section */

/* Begin XCBuildConfiguration section */
		11490B3D2C0CEDC200888A39 /* Debug */ = {
			isa = XCBuildConfiguration;
			buildSettings = {
				ALWAYS_SEARCH_USER_PATHS = NO;
				ASSETCATALOG_COMPILER_GENERATE_SWIFT_ASSET_SYMBOL_EXTENSIONS = YES;
				CLANG_ANALYZER_NONNULL = YES;
				CLANG_ANALYZER_NUMBER_OBJECT_CONVERSION = YES_AGGRESSIVE;
				CLANG_CXX_LANGUAGE_STANDARD = "gnu++20";
				CLANG_ENABLE_MODULES = YES;
				CLANG_ENABLE_OBJC_ARC = YES;
				CLANG_ENABLE_OBJC_WEAK = YES;
				CLANG_WARN_BLOCK_CAPTURE_AUTORELEASING = YES;
				CLANG_WARN_BOOL_CONVERSION = YES;
				CLANG_WARN_COMMA = YES;
				CLANG_WARN_CONSTANT_CONVERSION = YES;
				CLANG_WARN_DEPRECATED_OBJC_IMPLEMENTATIONS = YES;
				CLANG_WARN_DIRECT_OBJC_ISA_USAGE = YES_ERROR;
				CLANG_WARN_DOCUMENTATION_COMMENTS = YES;
				CLANG_WARN_EMPTY_BODY = YES;
				CLANG_WARN_ENUM_CONVERSION = YES;
				CLANG_WARN_INFINITE_RECURSION = YES;
				CLANG_WARN_INT_CONVERSION = YES;
				CLANG_WARN_NON_LITERAL_NULL_CONVERSION = YES;
				CLANG_WARN_OBJC_IMPLICIT_RETAIN_SELF = YES;
				CLANG_WARN_OBJC_LITERAL_CONVERSION = YES;
				CLANG_WARN_OBJC_ROOT_CLASS = YES_ERROR;
				CLANG_WARN_QUOTED_INCLUDE_IN_FRAMEWORK_HEADER = YES;
				CLANG_WARN_RANGE_LOOP_ANALYSIS = YES;
				CLANG_WARN_STRICT_PROTOTYPES = YES;
				CLANG_WARN_SUSPICIOUS_MOVE = YES;
				CLANG_WARN_UNGUARDED_AVAILABILITY = YES_AGGRESSIVE;
				CLANG_WARN_UNREACHABLE_CODE = YES;
				CLANG_WARN__DUPLICATE_METHOD_MATCH = YES;
				COPY_PHASE_STRIP = NO;
				DEBUG_INFORMATION_FORMAT = dwarf;
				ENABLE_STRICT_OBJC_MSGSEND = YES;
				ENABLE_TESTABILITY = YES;
				ENABLE_USER_SCRIPT_SANDBOXING = YES;
				GCC_C_LANGUAGE_STANDARD = gnu17;
				GCC_DYNAMIC_NO_PIC = NO;
				GCC_NO_COMMON_BLOCKS = YES;
				GCC_OPTIMIZATION_LEVEL = 0;
				GCC_PREPROCESSOR_DEFINITIONS = (
					"DEBUG=1",
					"$(inherited)",
				);
				GCC_WARN_64_TO_32_BIT_CONVERSION = YES;
				GCC_WARN_ABOUT_RETURN_TYPE = YES_ERROR;
				GCC_WARN_UNDECLARED_SELECTOR = YES;
				GCC_WARN_UNINITIALIZED_AUTOS = YES_AGGRESSIVE;
				GCC_WARN_UNUSED_FUNCTION = YES;
				GCC_WARN_UNUSED_VARIABLE = YES;
				IPHONEOS_DEPLOYMENT_TARGET = 17.5;
				LOCALIZATION_PREFERS_STRING_CATALOGS = YES;
				MTL_ENABLE_DEBUG_INFO = INCLUDE_SOURCE;
				MTL_FAST_MATH = YES;
				ONLY_ACTIVE_ARCH = YES;
				SDKROOT = iphoneos;
				SWIFT_ACTIVE_COMPILATION_CONDITIONS = "DEBUG $(inherited)";
				SWIFT_OPTIMIZATION_LEVEL = "-Onone";
			};
			name = Debug;
		};
		11490B3E2C0CEDC200888A39 /* Release */ = {
			isa = XCBuildConfiguration;
			buildSettings = {
				ALWAYS_SEARCH_USER_PATHS = NO;
				ASSETCATALOG_COMPILER_GENERATE_SWIFT_ASSET_SYMBOL_EXTENSIONS = YES;
				CLANG_ANALYZER_NONNULL = YES;
				CLANG_ANALYZER_NUMBER_OBJECT_CONVERSION = YES_AGGRESSIVE;
				CLANG_CXX_LANGUAGE_STANDARD = "gnu++20";
				CLANG_ENABLE_MODULES = YES;
				CLANG_ENABLE_OBJC_ARC = YES;
				CLANG_ENABLE_OBJC_WEAK = YES;
				CLANG_WARN_BLOCK_CAPTURE_AUTORELEASING = YES;
				CLANG_WARN_BOOL_CONVERSION = YES;
				CLANG_WARN_COMMA = YES;
				CLANG_WARN_CONSTANT_CONVERSION = YES;
				CLANG_WARN_DEPRECATED_OBJC_IMPLEMENTATIONS = YES;
				CLANG_WARN_DIRECT_OBJC_ISA_USAGE = YES_ERROR;
				CLANG_WARN_DOCUMENTATION_COMMENTS = YES;
				CLANG_WARN_EMPTY_BODY = YES;
				CLANG_WARN_ENUM_CONVERSION = YES;
				CLANG_WARN_INFINITE_RECURSION = YES;
				CLANG_WARN_INT_CONVERSION = YES;
				CLANG_WARN_NON_LITERAL_NULL_CONVERSION = YES;
				CLANG_WARN_OBJC_IMPLICIT_RETAIN_SELF = YES;
				CLANG_WARN_OBJC_LITERAL_CONVERSION = YES;
				CLANG_WARN_OBJC_ROOT_CLASS = YES_ERROR;
				CLANG_WARN_QUOTED_INCLUDE_IN_FRAMEWORK_HEADER = YES;
				CLANG_WARN_RANGE_LOOP_ANALYSIS = YES;
				CLANG_WARN_STRICT_PROTOTYPES = YES;
				CLANG_WARN_SUSPICIOUS_MOVE = YES;
				CLANG_WARN_UNGUARDED_AVAILABILITY = YES_AGGRESSIVE;
				CLANG_WARN_UNREACHABLE_CODE = YES;
				CLANG_WARN__DUPLICATE_METHOD_MATCH = YES;
				COPY_PHASE_STRIP = NO;
				DEBUG_INFORMATION_FORMAT = "dwarf-with-dsym";
				ENABLE_NS_ASSERTIONS = NO;
				ENABLE_STRICT_OBJC_MSGSEND = YES;
				ENABLE_USER_SCRIPT_SANDBOXING = YES;
				GCC_C_LANGUAGE_STANDARD = gnu17;
				GCC_NO_COMMON_BLOCKS = YES;
				GCC_WARN_64_TO_32_BIT_CONVERSION = YES;
				GCC_WARN_ABOUT_RETURN_TYPE = YES_ERROR;
				GCC_WARN_UNDECLARED_SELECTOR = YES;
				GCC_WARN_UNINITIALIZED_AUTOS = YES_AGGRESSIVE;
				GCC_WARN_UNUSED_FUNCTION = YES;
				GCC_WARN_UNUSED_VARIABLE = YES;
				IPHONEOS_DEPLOYMENT_TARGET = 17.5;
				LOCALIZATION_PREFERS_STRING_CATALOGS = YES;
				MTL_ENABLE_DEBUG_INFO = NO;
				MTL_FAST_MATH = YES;
				SDKROOT = iphoneos;
				SWIFT_COMPILATION_MODE = wholemodule;
				VALIDATE_PRODUCT = YES;
			};
			name = Release;
		};
		11490B402C0CEDC200888A39 /* Debug */ = {
			isa = XCBuildConfiguration;
			buildSettings = {
				ASSETCATALOG_COMPILER_APPICON_NAME = AppIcon;
				ASSETCATALOG_COMPILER_GLOBAL_ACCENT_COLOR_NAME = AccentColor;
				CODE_SIGN_STYLE = Automatic;
				CURRENT_PROJECT_VERSION = 1;
				DEVELOPMENT_ASSET_PATHS = "\"dandelion/Preview Content\"";
				ENABLE_PREVIEWS = YES;
				GENERATE_INFOPLIST_FILE = YES;
				INFOPLIST_KEY_UIApplicationSceneManifest_Generation = YES;
				INFOPLIST_KEY_UIApplicationSupportsIndirectInputEvents = YES;
				INFOPLIST_KEY_UILaunchScreen_Generation = YES;
				INFOPLIST_KEY_UISupportedInterfaceOrientations_iPad = "UIInterfaceOrientationPortrait UIInterfaceOrientationPortraitUpsideDown UIInterfaceOrientationLandscapeLeft UIInterfaceOrientationLandscapeRight";
				INFOPLIST_KEY_UISupportedInterfaceOrientations_iPhone = "UIInterfaceOrientationPortrait UIInterfaceOrientationLandscapeLeft UIInterfaceOrientationLandscapeRight";
				LD_RUNPATH_SEARCH_PATHS = (
					"$(inherited)",
					"@executable_path/Frameworks",
				);
				MARKETING_VERSION = 1.0;
				PRODUCT_BUNDLE_IDENTIFIER = alexanderommelsw.dandelion;
				PRODUCT_NAME = "$(TARGET_NAME)";
				SWIFT_EMIT_LOC_STRINGS = YES;
				SWIFT_VERSION = 5.0;
				TARGETED_DEVICE_FAMILY = "1,2";
			};
			name = Debug;
		};
		11490B412C0CEDC200888A39 /* Release */ = {
			isa = XCBuildConfiguration;
			buildSettings = {
				ASSETCATALOG_COMPILER_APPICON_NAME = AppIcon;
				ASSETCATALOG_COMPILER_GLOBAL_ACCENT_COLOR_NAME = AccentColor;
				CODE_SIGN_STYLE = Automatic;
				CURRENT_PROJECT_VERSION = 1;
				DEVELOPMENT_ASSET_PATHS = "\"dandelion/Preview Content\"";
				ENABLE_PREVIEWS = YES;
				GENERATE_INFOPLIST_FILE = YES;
				INFOPLIST_KEY_UIApplicationSceneManifest_Generation = YES;
				INFOPLIST_KEY_UIApplicationSupportsIndirectInputEvents = YES;
				INFOPLIST_KEY_UILaunchScreen_Generation = YES;
				INFOPLIST_KEY_UISupportedInterfaceOrientations_iPad = "UIInterfaceOrientationPortrait UIInterfaceOrientationPortraitUpsideDown UIInterfaceOrientationLandscapeLeft UIInterfaceOrientationLandscapeRight";
				INFOPLIST_KEY_UISupportedInterfaceOrientations_iPhone = "UIInterfaceOrientationPortrait UIInterfaceOrientationLandscapeLeft UIInterfaceOrientationLandscapeRight";
				LD_RUNPATH_SEARCH_PATHS = (
					"$(inherited)",
					"@executable_path/Frameworks",
				);
				MARKETING_VERSION = 1.0;
				PRODUCT_BUNDLE_IDENTIFIER = alexanderommelsw.dandelion;
				PRODUCT_NAME = "$(TARGET_NAME)";
				SWIFT_EMIT_LOC_STRINGS = YES;
				SWIFT_VERSION = 5.0;
				TARGETED_DEVICE_FAMILY = "1,2";
			};
			name = Release;
		};
/* End XCBuildConfiguration section */

/* Begin XCConfigurationList section */
		11490B2C2C0CEDC100888A39 /* Build configuration list for PBXProject "dandelion" */ = {
			isa = XCConfigurationList;
			buildConfigurations = (
				11490B3D2C0CEDC200888A39 /* Debug */,
				11490B3E2C0CEDC200888A39 /* Release */,
			);
			defaultConfigurationIsVisible = 0;
			defaultConfigurationName = Release;
		};
		11490B3F2C0CEDC200888A39 /* Build configuration list for PBXNativeTarget "dandelion" */ = {
			isa = XCConfigurationList;
			buildConfigurations = (
				11490B402C0CEDC200888A39 /* Debug */,
				11490B412C0CEDC200888A39 /* Release */,
			);
			defaultConfigurationIsVisible = 0;
			defaultConfigurationName = Release;
		};
/* End XCConfigurationList section */
	};
	rootObject = 11490B292C0CEDC100888A39 /* Project object */;
}
