// !$*UTF8*$!
{
	archiveVersion = 1;
	classes = {
	};
	objectVersion = 77;
	objects = {

/* Begin PBXBuildFile section */
		117523312C9B9E9D005A77AB /* domain.h in Headers */ = {isa = PBXBuildFile; fileRef = 1175232F2C9B9E9D005A77AB /* domain.h */; settings = {ATTRIBUTES = (Public, ); }; };
		1175233F2C9B9FCD005A77AB /* User.swift in Sources */ = {isa = PBXBuildFile; fileRef = 1175233E2C9B9FC3005A77AB /* User.swift */; };
		117523402C9B9FE8005A77AB /* Store.swift in Sources */ = {isa = PBXBuildFile; fileRef = 1175233D2C9B9F03005A77AB /* Store.swift */; };
		117523412C9B9FEE005A77AB /* Product.swift in Sources */ = {isa = PBXBuildFile; fileRef = 1175233C2C9B9EF8005A77AB /* Product.swift */; };
		117523422C9B9FF4005A77AB /* Catalogue.swift in Sources */ = {isa = PBXBuildFile; fileRef = 1175233B2C9B9EEF005A77AB /* Catalogue.swift */; };
		117523432C9B9FFA005A77AB /* StoreCategory.swift in Sources */ = {isa = PBXBuildFile; fileRef = 1175233A2C9B9EE5005A77AB /* StoreCategory.swift */; };
		117523442C9B9FFF005A77AB /* ProductCategory.swift in Sources */ = {isa = PBXBuildFile; fileRef = 117523392C9B9EDC005A77AB /* ProductCategory.swift */; };
		117523452C9BA004005A77AB /* ShoppingCart.swift in Sources */ = {isa = PBXBuildFile; fileRef = 117523382C9B9ED0005A77AB /* ShoppingCart.swift */; };
		117523462C9BA00B005A77AB /* Checkout.swift in Sources */ = {isa = PBXBuildFile; fileRef = 117523372C9B9EC7005A77AB /* Checkout.swift */; };
		117523472C9BA012005A77AB /* LineItem.swift in Sources */ = {isa = PBXBuildFile; fileRef = 117523362C9B9EC1005A77AB /* LineItem.swift */; };
		117523632C9BA190005A77AB /* Money.swift in Sources */ = {isa = PBXBuildFile; fileRef = 1175235E2C9BA190005A77AB /* Money.swift */; };
		117523642C9BA190005A77AB /* PaymentCard.swift in Sources */ = {isa = PBXBuildFile; fileRef = 1175235F2C9BA190005A77AB /* PaymentCard.swift */; };
		117523652C9BA190005A77AB /* PaymentMethod.swift in Sources */ = {isa = PBXBuildFile; fileRef = 117523602C9BA190005A77AB /* PaymentMethod.swift */; };
		117523662C9BA190005A77AB /* Place.swift in Sources */ = {isa = PBXBuildFile; fileRef = 117523612C9BA190005A77AB /* Place.swift */; };
		117523F02C9D192D005A77AB /* Order.swift in Sources */ = {isa = PBXBuildFile; fileRef = 117523EF2C9D192A005A77AB /* Order.swift */; };
		117523F22C9D194D005A77AB /* OrderState.swift in Sources */ = {isa = PBXBuildFile; fileRef = 117523F12C9D1949005A77AB /* OrderState.swift */; };
/* End PBXBuildFile section */

/* Begin PBXFileReference section */
		117523172C9B9D09005A77AB /* domain.framework */ = {isa = PBXFileReference; explicitFileType = wrapper.framework; includeInIndex = 0; path = domain.framework; sourceTree = BUILT_PRODUCTS_DIR; };
		1175232F2C9B9E9D005A77AB /* domain.h */ = {isa = PBXFileReference; lastKnownFileType = sourcecode.c.h; path = domain.h; sourceTree = "<group>"; };
		117523362C9B9EC1005A77AB /* LineItem.swift */ = {isa = PBXFileReference; lastKnownFileType = sourcecode.swift; path = LineItem.swift; sourceTree = "<group>"; };
		117523372C9B9EC7005A77AB /* Checkout.swift */ = {isa = PBXFileReference; lastKnownFileType = sourcecode.swift; path = Checkout.swift; sourceTree = "<group>"; };
		117523382C9B9ED0005A77AB /* ShoppingCart.swift */ = {isa = PBXFileReference; lastKnownFileType = sourcecode.swift; path = ShoppingCart.swift; sourceTree = "<group>"; };
		117523392C9B9EDC005A77AB /* ProductCategory.swift */ = {isa = PBXFileReference; lastKnownFileType = sourcecode.swift; path = ProductCategory.swift; sourceTree = "<group>"; };
		1175233A2C9B9EE5005A77AB /* StoreCategory.swift */ = {isa = PBXFileReference; lastKnownFileType = sourcecode.swift; path = StoreCategory.swift; sourceTree = "<group>"; };
		1175233B2C9B9EEF005A77AB /* Catalogue.swift */ = {isa = PBXFileReference; lastKnownFileType = sourcecode.swift; path = Catalogue.swift; sourceTree = "<group>"; };
		1175233C2C9B9EF8005A77AB /* Product.swift */ = {isa = PBXFileReference; lastKnownFileType = sourcecode.swift; path = Product.swift; sourceTree = "<group>"; };
		1175233D2C9B9F03005A77AB /* Store.swift */ = {isa = PBXFileReference; lastKnownFileType = sourcecode.swift; path = Store.swift; sourceTree = "<group>"; };
		1175233E2C9B9FC3005A77AB /* User.swift */ = {isa = PBXFileReference; lastKnownFileType = sourcecode.swift; path = User.swift; sourceTree = "<group>"; };
		1175235E2C9BA190005A77AB /* Money.swift */ = {isa = PBXFileReference; lastKnownFileType = sourcecode.swift; path = Money.swift; sourceTree = "<group>"; };
		1175235F2C9BA190005A77AB /* PaymentCard.swift */ = {isa = PBXFileReference; lastKnownFileType = sourcecode.swift; path = PaymentCard.swift; sourceTree = "<group>"; };
		117523602C9BA190005A77AB /* PaymentMethod.swift */ = {isa = PBXFileReference; lastKnownFileType = sourcecode.swift; path = PaymentMethod.swift; sourceTree = "<group>"; };
		117523612C9BA190005A77AB /* Place.swift */ = {isa = PBXFileReference; lastKnownFileType = sourcecode.swift; path = Place.swift; sourceTree = "<group>"; };
		117523EF2C9D192A005A77AB /* Order.swift */ = {isa = PBXFileReference; lastKnownFileType = sourcecode.swift; path = Order.swift; sourceTree = "<group>"; };
		117523F12C9D1949005A77AB /* OrderState.swift */ = {isa = PBXFileReference; lastKnownFileType = sourcecode.swift; path = OrderState.swift; sourceTree = "<group>"; };
/* End PBXFileReference section */

/* Begin PBXFrameworksBuildPhase section */
		117523142C9B9D09005A77AB /* Frameworks */ = {
			isa = PBXFrameworksBuildPhase;
			buildActionMask = 2147483647;
			files = (
			);
			runOnlyForDeploymentPostprocessing = 0;
		};
/* End PBXFrameworksBuildPhase section */

/* Begin PBXGroup section */
		1175230D2C9B9D09005A77AB = {
			isa = PBXGroup;
			children = (
				117523302C9B9E9D005A77AB /* domain */,
				117523182C9B9D09005A77AB /* Products */,
			);
			sourceTree = "<group>";
		};
		117523182C9B9D09005A77AB /* Products */ = {
			isa = PBXGroup;
			children = (
				117523172C9B9D09005A77AB /* domain.framework */,
			);
			name = Products;
			sourceTree = "<group>";
		};
		117523302C9B9E9D005A77AB /* domain */ = {
			isa = PBXGroup;
			children = (
				117523622C9BA190005A77AB /* common */,
				117523352C9B9EB2005A77AB /* user */,
				117523342C9B9EAC005A77AB /* orders */,
				117523332C9B9EA6005A77AB /* stores */,
				117523322C9B9EA0005A77AB /* checkout */,
				1175232F2C9B9E9D005A77AB /* domain.h */,
			);
			path = domain;
			sourceTree = "<group>";
		};
		117523322C9B9EA0005A77AB /* checkout */ = {
			isa = PBXGroup;
			children = (
				117523382C9B9ED0005A77AB /* ShoppingCart.swift */,
				117523372C9B9EC7005A77AB /* Checkout.swift */,
				117523362C9B9EC1005A77AB /* LineItem.swift */,
			);
			path = checkout;
			sourceTree = "<group>";
		};
		117523332C9B9EA6005A77AB /* stores */ = {
			isa = PBXGroup;
			children = (
				1175233D2C9B9F03005A77AB /* Store.swift */,
				1175233C2C9B9EF8005A77AB /* Product.swift */,
				1175233B2C9B9EEF005A77AB /* Catalogue.swift */,
				1175233A2C9B9EE5005A77AB /* StoreCategory.swift */,
				117523392C9B9EDC005A77AB /* ProductCategory.swift */,
			);
			path = stores;
			sourceTree = "<group>";
		};
		117523342C9B9EAC005A77AB /* orders */ = {
			isa = PBXGroup;
			children = (
				117523F12C9D1949005A77AB /* OrderState.swift */,
				117523EF2C9D192A005A77AB /* Order.swift */,
			);
			path = orders;
			sourceTree = "<group>";
		};
		117523352C9B9EB2005A77AB /* user */ = {
			isa = PBXGroup;
			children = (
				1175233E2C9B9FC3005A77AB /* User.swift */,
			);
			path = user;
			sourceTree = "<group>";
		};
		117523622C9BA190005A77AB /* common */ = {
			isa = PBXGroup;
			children = (
				1175235E2C9BA190005A77AB /* Money.swift */,
				1175235F2C9BA190005A77AB /* PaymentCard.swift */,
				117523602C9BA190005A77AB /* PaymentMethod.swift */,
				117523612C9BA190005A77AB /* Place.swift */,
			);
			path = common;
			sourceTree = "<group>";
		};
/* End PBXGroup section */

/* Begin PBXHeadersBuildPhase section */
		117523122C9B9D09005A77AB /* Headers */ = {
			isa = PBXHeadersBuildPhase;
			buildActionMask = 2147483647;
			files = (
				117523312C9B9E9D005A77AB /* domain.h in Headers */,
			);
			runOnlyForDeploymentPostprocessing = 0;
		};
/* End PBXHeadersBuildPhase section */

/* Begin PBXNativeTarget section */
		117523162C9B9D09005A77AB /* domain */ = {
			isa = PBXNativeTarget;
			buildConfigurationList = 1175231D2C9B9D09005A77AB /* Build configuration list for PBXNativeTarget "domain" */;
			buildPhases = (
				117523122C9B9D09005A77AB /* Headers */,
				117523132C9B9D09005A77AB /* Sources */,
				117523142C9B9D09005A77AB /* Frameworks */,
				117523152C9B9D09005A77AB /* Resources */,
			);
			buildRules = (
			);
			dependencies = (
			);
			name = domain;
			packageProductDependencies = (
			);
			productName = domain;
			productReference = 117523172C9B9D09005A77AB /* domain.framework */;
			productType = "com.apple.product-type.framework";
		};
/* End PBXNativeTarget section */

/* Begin PBXProject section */
		1175230E2C9B9D09005A77AB /* Project object */ = {
			isa = PBXProject;
			attributes = {
				BuildIndependentTargetsInParallel = 1;
				LastUpgradeCheck = 1600;
				TargetAttributes = {
					117523162C9B9D09005A77AB = {
						CreatedOnToolsVersion = 16.0;
					};
				};
			};
			buildConfigurationList = 117523112C9B9D09005A77AB /* Build configuration list for PBXProject "domain" */;
			developmentRegion = en;
			hasScannedForEncodings = 0;
			knownRegions = (
				en,
				Base,
			);
			mainGroup = 1175230D2C9B9D09005A77AB;
			minimizedProjectReferenceProxies = 1;
			preferredProjectObjectVersion = 77;
			productRefGroup = 117523182C9B9D09005A77AB /* Products */;
			projectDirPath = "";
			projectRoot = "";
			targets = (
				117523162C9B9D09005A77AB /* domain */,
			);
		};
/* End PBXProject section */

/* Begin PBXResourcesBuildPhase section */
		117523152C9B9D09005A77AB /* Resources */ = {
			isa = PBXResourcesBuildPhase;
			buildActionMask = 2147483647;
			files = (
			);
			runOnlyForDeploymentPostprocessing = 0;
		};
/* End PBXResourcesBuildPhase section */

/* Begin PBXSourcesBuildPhase section */
		117523132C9B9D09005A77AB /* Sources */ = {
			isa = PBXSourcesBuildPhase;
			buildActionMask = 2147483647;
			files = (
				117523472C9BA012005A77AB /* LineItem.swift in Sources */,
				1175233F2C9B9FCD005A77AB /* User.swift in Sources */,
				117523632C9BA190005A77AB /* Money.swift in Sources */,
				117523642C9BA190005A77AB /* PaymentCard.swift in Sources */,
				117523652C9BA190005A77AB /* PaymentMethod.swift in Sources */,
				117523662C9BA190005A77AB /* Place.swift in Sources */,
				117523F02C9D192D005A77AB /* Order.swift in Sources */,
				117523F22C9D194D005A77AB /* OrderState.swift in Sources */,
				117523442C9B9FFF005A77AB /* ProductCategory.swift in Sources */,
				117523402C9B9FE8005A77AB /* Store.swift in Sources */,
				117523412C9B9FEE005A77AB /* Product.swift in Sources */,
				117523432C9B9FFA005A77AB /* StoreCategory.swift in Sources */,
				117523422C9B9FF4005A77AB /* Catalogue.swift in Sources */,
				117523452C9BA004005A77AB /* ShoppingCart.swift in Sources */,
				117523462C9BA00B005A77AB /* Checkout.swift in Sources */,
			);
			runOnlyForDeploymentPostprocessing = 0;
		};
/* End PBXSourcesBuildPhase section */

/* Begin XCBuildConfiguration section */
		1175231E2C9B9D09005A77AB /* Debug */ = {
			isa = XCBuildConfiguration;
			buildSettings = {
				ALLOW_TARGET_PLATFORM_SPECIALIZATION = YES;
				BUILD_LIBRARY_FOR_DISTRIBUTION = YES;
				CODE_SIGN_STYLE = Automatic;
				CURRENT_PROJECT_VERSION = 1;
				DEFINES_MODULE = YES;
				DEVELOPMENT_TEAM = WP5CYLNN9M;
				DYLIB_COMPATIBILITY_VERSION = 1;
				DYLIB_CURRENT_VERSION = 1;
				DYLIB_INSTALL_NAME_BASE = "@rpath";
				ENABLE_MODULE_VERIFIER = YES;
				GENERATE_INFOPLIST_FILE = YES;
				INFOPLIST_KEY_NSHumanReadableCopyright = "";
				INSTALL_PATH = "$(LOCAL_LIBRARY_DIR)/Frameworks";
				IPHONEOS_DEPLOYMENT_TARGET = 18.0;
				LD_RUNPATH_SEARCH_PATHS = (
					"@executable_path/Frameworks",
					"@loader_path/Frameworks",
				);
				"LD_RUNPATH_SEARCH_PATHS[sdk=macosx*]" = (
					"@executable_path/../Frameworks",
					"@loader_path/Frameworks",
				);
				MACOSX_DEPLOYMENT_TARGET = 14.6;
				MARKETING_VERSION = 1.0;
				MODULE_VERIFIER_SUPPORTED_LANGUAGES = "objective-c objective-c++";
				MODULE_VERIFIER_SUPPORTED_LANGUAGE_STANDARDS = "gnu17 gnu++20";
				PRODUCT_BUNDLE_IDENTIFIER = alexanderommelsw.com.domain;
				PRODUCT_NAME = "$(TARGET_NAME:c99extidentifier)";
				SDKROOT = auto;
				SKIP_INSTALL = YES;
				SUPPORTED_PLATFORMS = "iphoneos iphonesimulator macosx xros xrsimulator";
				SWIFT_EMIT_LOC_STRINGS = YES;
				SWIFT_INSTALL_OBJC_HEADER = NO;
				SWIFT_VERSION = 5.0;
				TARGETED_DEVICE_FAMILY = "1,2,7";
				XROS_DEPLOYMENT_TARGET = 2.0;
			};
			name = Debug;
		};
		1175231F2C9B9D09005A77AB /* Release */ = {
			isa = XCBuildConfiguration;
			buildSettings = {
				ALLOW_TARGET_PLATFORM_SPECIALIZATION = YES;
				BUILD_LIBRARY_FOR_DISTRIBUTION = YES;
				CODE_SIGN_STYLE = Automatic;
				CURRENT_PROJECT_VERSION = 1;
				DEFINES_MODULE = YES;
				DEVELOPMENT_TEAM = WP5CYLNN9M;
				DYLIB_COMPATIBILITY_VERSION = 1;
				DYLIB_CURRENT_VERSION = 1;
				DYLIB_INSTALL_NAME_BASE = "@rpath";
				ENABLE_MODULE_VERIFIER = YES;
				GENERATE_INFOPLIST_FILE = YES;
				INFOPLIST_KEY_NSHumanReadableCopyright = "";
				INSTALL_PATH = "$(LOCAL_LIBRARY_DIR)/Frameworks";
				IPHONEOS_DEPLOYMENT_TARGET = 18.0;
				LD_RUNPATH_SEARCH_PATHS = (
					"@executable_path/Frameworks",
					"@loader_path/Frameworks",
				);
				"LD_RUNPATH_SEARCH_PATHS[sdk=macosx*]" = (
					"@executable_path/../Frameworks",
					"@loader_path/Frameworks",
				);
				MACOSX_DEPLOYMENT_TARGET = 14.6;
				MARKETING_VERSION = 1.0;
				MODULE_VERIFIER_SUPPORTED_LANGUAGES = "objective-c objective-c++";
				MODULE_VERIFIER_SUPPORTED_LANGUAGE_STANDARDS = "gnu17 gnu++20";
				PRODUCT_BUNDLE_IDENTIFIER = alexanderommelsw.com.domain;
				PRODUCT_NAME = "$(TARGET_NAME:c99extidentifier)";
				SDKROOT = auto;
				SKIP_INSTALL = YES;
				SUPPORTED_PLATFORMS = "iphoneos iphonesimulator macosx xros xrsimulator";
				SWIFT_EMIT_LOC_STRINGS = YES;
				SWIFT_INSTALL_OBJC_HEADER = NO;
				SWIFT_VERSION = 5.0;
				TARGETED_DEVICE_FAMILY = "1,2,7";
				XROS_DEPLOYMENT_TARGET = 2.0;
			};
			name = Release;
		};
		117523202C9B9D09005A77AB /* Debug */ = {
			isa = XCBuildConfiguration;
			buildSettings = {
				ALWAYS_SEARCH_USER_PATHS = NO;
				ASSETCATALOG_COMPILER_GENERATE_SWIFT_ASSET_SYMBOL_EXTENSIONS = YES;
				CLANG_ANALYZER_NONNULL = YES;
				CLANG_ANALYZER_NUMBER_OBJECT_CONVERSION = YES_AGGRESSIVE;
				CLANG_CXX_LANGUAGE_STANDARD = "gnu++20";
				CLANG_ENABLE_MODULES = YES;
				CLANG_ENABLE_OBJC_ARC = YES;
				CLANG_ENABLE_OBJC_WEAK = YES;
				CLANG_WARN_BLOCK_CAPTURE_AUTORELEASING = YES;
				CLANG_WARN_BOOL_CONVERSION = YES;
				CLANG_WARN_COMMA = YES;
				CLANG_WARN_CONSTANT_CONVERSION = YES;
				CLANG_WARN_DEPRECATED_OBJC_IMPLEMENTATIONS = YES;
				CLANG_WARN_DIRECT_OBJC_ISA_USAGE = YES_ERROR;
				CLANG_WARN_DOCUMENTATION_COMMENTS = YES;
				CLANG_WARN_EMPTY_BODY = YES;
				CLANG_WARN_ENUM_CONVERSION = YES;
				CLANG_WARN_INFINITE_RECURSION = YES;
				CLANG_WARN_INT_CONVERSION = YES;
				CLANG_WARN_NON_LITERAL_NULL_CONVERSION = YES;
				CLANG_WARN_OBJC_IMPLICIT_RETAIN_SELF = YES;
				CLANG_WARN_OBJC_LITERAL_CONVERSION = YES;
				CLANG_WARN_OBJC_ROOT_CLASS = YES_ERROR;
				CLANG_WARN_QUOTED_INCLUDE_IN_FRAMEWORK_HEADER = YES;
				CLANG_WARN_RANGE_LOOP_ANALYSIS = YES;
				CLANG_WARN_STRICT_PROTOTYPES = YES;
				CLANG_WARN_SUSPICIOUS_MOVE = YES;
				CLANG_WARN_UNGUARDED_AVAILABILITY = YES_AGGRESSIVE;
				CLANG_WARN_UNREACHABLE_CODE = YES;
				CLANG_WARN__DUPLICATE_METHOD_MATCH = YES;
				COPY_PHASE_STRIP = NO;
				CURRENT_PROJECT_VERSION = 1;
				DEBUG_INFORMATION_FORMAT = dwarf;
				ENABLE_STRICT_OBJC_MSGSEND = YES;
				ENABLE_TESTABILITY = YES;
				ENABLE_USER_SCRIPT_SANDBOXING = YES;
				GCC_C_LANGUAGE_STANDARD = gnu17;
				GCC_DYNAMIC_NO_PIC = NO;
				GCC_NO_COMMON_BLOCKS = YES;
				GCC_OPTIMIZATION_LEVEL = 0;
				GCC_PREPROCESSOR_DEFINITIONS = (
					"DEBUG=1",
					"$(inherited)",
				);
				GCC_WARN_64_TO_32_BIT_CONVERSION = YES;
				GCC_WARN_ABOUT_RETURN_TYPE = YES_ERROR;
				GCC_WARN_UNDECLARED_SELECTOR = YES;
				GCC_WARN_UNINITIALIZED_AUTOS = YES_AGGRESSIVE;
				GCC_WARN_UNUSED_FUNCTION = YES;
				GCC_WARN_UNUSED_VARIABLE = YES;
				LOCALIZATION_PREFERS_STRING_CATALOGS = YES;
				MTL_ENABLE_DEBUG_INFO = INCLUDE_SOURCE;
				MTL_FAST_MATH = YES;
				ONLY_ACTIVE_ARCH = YES;
				SWIFT_ACTIVE_COMPILATION_CONDITIONS = "DEBUG $(inherited)";
				SWIFT_OPTIMIZATION_LEVEL = "-Onone";
				VERSIONING_SYSTEM = "apple-generic";
				VERSION_INFO_PREFIX = "";
			};
			name = Debug;
		};
		117523212C9B9D09005A77AB /* Release */ = {
			isa = XCBuildConfiguration;
			buildSettings = {
				ALWAYS_SEARCH_USER_PATHS = NO;
				ASSETCATALOG_COMPILER_GENERATE_SWIFT_ASSET_SYMBOL_EXTENSIONS = YES;
				CLANG_ANALYZER_NONNULL = YES;
				CLANG_ANALYZER_NUMBER_OBJECT_CONVERSION = YES_AGGRESSIVE;
				CLANG_CXX_LANGUAGE_STANDARD = "gnu++20";
				CLANG_ENABLE_MODULES = YES;
				CLANG_ENABLE_OBJC_ARC = YES;
				CLANG_ENABLE_OBJC_WEAK = YES;
				CLANG_WARN_BLOCK_CAPTURE_AUTORELEASING = YES;
				CLANG_WARN_BOOL_CONVERSION = YES;
				CLANG_WARN_COMMA = YES;
				CLANG_WARN_CONSTANT_CONVERSION = YES;
				CLANG_WARN_DEPRECATED_OBJC_IMPLEMENTATIONS = YES;
				CLANG_WARN_DIRECT_OBJC_ISA_USAGE = YES_ERROR;
				CLANG_WARN_DOCUMENTATION_COMMENTS = YES;
				CLANG_WARN_EMPTY_BODY = YES;
				CLANG_WARN_ENUM_CONVERSION = YES;
				CLANG_WARN_INFINITE_RECURSION = YES;
				CLANG_WARN_INT_CONVERSION = YES;
				CLANG_WARN_NON_LITERAL_NULL_CONVERSION = YES;
				CLANG_WARN_OBJC_IMPLICIT_RETAIN_SELF = YES;
				CLANG_WARN_OBJC_LITERAL_CONVERSION = YES;
				CLANG_WARN_OBJC_ROOT_CLASS = YES_ERROR;
				CLANG_WARN_QUOTED_INCLUDE_IN_FRAMEWORK_HEADER = YES;
				CLANG_WARN_RANGE_LOOP_ANALYSIS = YES;
				CLANG_WARN_STRICT_PROTOTYPES = YES;
				CLANG_WARN_SUSPICIOUS_MOVE = YES;
				CLANG_WARN_UNGUARDED_AVAILABILITY = YES_AGGRESSIVE;
				CLANG_WARN_UNREACHABLE_CODE = YES;
				CLANG_WARN__DUPLICATE_METHOD_MATCH = YES;
				COPY_PHASE_STRIP = NO;
				CURRENT_PROJECT_VERSION = 1;
				DEBUG_INFORMATION_FORMAT = "dwarf-with-dsym";
				ENABLE_NS_ASSERTIONS = NO;
				ENABLE_STRICT_OBJC_MSGSEND = YES;
				ENABLE_USER_SCRIPT_SANDBOXING = YES;
				GCC_C_LANGUAGE_STANDARD = gnu17;
				GCC_NO_COMMON_BLOCKS = YES;
				GCC_WARN_64_TO_32_BIT_CONVERSION = YES;
				GCC_WARN_ABOUT_RETURN_TYPE = YES_ERROR;
				GCC_WARN_UNDECLARED_SELECTOR = YES;
				GCC_WARN_UNINITIALIZED_AUTOS = YES_AGGRESSIVE;
				GCC_WARN_UNUSED_FUNCTION = YES;
				GCC_WARN_UNUSED_VARIABLE = YES;
				LOCALIZATION_PREFERS_STRING_CATALOGS = YES;
				MTL_ENABLE_DEBUG_INFO = NO;
				MTL_FAST_MATH = YES;
				SWIFT_COMPILATION_MODE = wholemodule;
				VERSIONING_SYSTEM = "apple-generic";
				VERSION_INFO_PREFIX = "";
			};
			name = Release;
		};
/* End XCBuildConfiguration section */

/* Begin XCConfigurationList section */
		117523112C9B9D09005A77AB /* Build configuration list for PBXProject "domain" */ = {
			isa = XCConfigurationList;
			buildConfigurations = (
				117523202C9B9D09005A77AB /* Debug */,
				117523212C9B9D09005A77AB /* Release */,
			);
			defaultConfigurationIsVisible = 0;
			defaultConfigurationName = Release;
		};
		1175231D2C9B9D09005A77AB /* Build configuration list for PBXNativeTarget "domain" */ = {
			isa = XCConfigurationList;
			buildConfigurations = (
				1175231E2C9B9D09005A77AB /* Debug */,
				1175231F2C9B9D09005A77AB /* Release */,
			);
			defaultConfigurationIsVisible = 0;
			defaultConfigurationName = Release;
		};
/* End XCConfigurationList section */
	};
	rootObject = 1175230E2C9B9D09005A77AB /* Project object */;
}
