// !$*UTF8*$!
{
	archiveVersion = 1;
	classes = {
	};
	objectVersion = 56;
	objects = {

/* Begin PBXBuildFile section */
		1147CF8C2C0D155400B4F3D9 /* stores_ui.h in Headers */ = {isa = PBXBuildFile; fileRef = 1147CF8B2C0D155400B4F3D9 /* stores_ui.h */; settings = {ATTRIBUTES = (Public, ); }; };
		118941C02C0D1F84005DA10E /* stores.framework in Frameworks */ = {isa = PBXBuildFile; fileRef = 118941BF2C0D1F84005DA10E /* stores.framework */; };
		118941C12C0D1F84005DA10E /* stores.framework in Embed Frameworks */ = {isa = PBXBuildFile; fileRef = 118941BF2C0D1F84005DA10E /* stores.framework */; settings = {ATTRIBUTES = (CodeSignOnCopy, RemoveHeadersOnCopy, ); }; };
		118941C72C0D201B005DA10E /* StoresScreen.swift in Sources */ = {isa = PBXBuildFile; fileRef = 118941C62C0D201B005DA10E /* StoresScreen.swift */; };
		118941C92C0D205A005DA10E /* StoresViewModel.swift in Sources */ = {isa = PBXBuildFile; fileRef = 118941C82C0D205A005DA10E /* StoresViewModel.swift */; };
		118941D42C0D435E005DA10E /* common.framework in Frameworks */ = {isa = PBXBuildFile; fileRef = 118941D32C0D435E005DA10E /* common.framework */; };
		118941D52C0D435E005DA10E /* common.framework in Embed Frameworks */ = {isa = PBXBuildFile; fileRef = 118941D32C0D435E005DA10E /* common.framework */; settings = {ATTRIBUTES = (CodeSignOnCopy, RemoveHeadersOnCopy, ); }; };
		118941DE2C0D5068005DA10E /* StoreRemoteRepositoryMock.swift in Sources */ = {isa = PBXBuildFile; fileRef = 118941DD2C0D5068005DA10E /* StoreRemoteRepositoryMock.swift */; };
/* End PBXBuildFile section */

/* Begin PBXCopyFilesBuildPhase section */
		118941C22C0D1F84005DA10E /* Embed Frameworks */ = {
			isa = PBXCopyFilesBuildPhase;
			buildActionMask = 2147483647;
			dstPath = "";
			dstSubfolderSpec = 10;
			files = (
				118941C12C0D1F84005DA10E /* stores.framework in Embed Frameworks */,
				118941D52C0D435E005DA10E /* common.framework in Embed Frameworks */,
			);
			name = "Embed Frameworks";
			runOnlyForDeploymentPostprocessing = 0;
		};
/* End PBXCopyFilesBuildPhase section */

/* Begin PBXFileReference section */
		1147CF882C0D155400B4F3D9 /* stores_ui.framework */ = {isa = PBXFileReference; explicitFileType = wrapper.framework; includeInIndex = 0; path = stores_ui.framework; sourceTree = BUILT_PRODUCTS_DIR; };
		1147CF8B2C0D155400B4F3D9 /* stores_ui.h */ = {isa = PBXFileReference; lastKnownFileType = sourcecode.c.h; path = stores_ui.h; sourceTree = "<group>"; };
		118941BF2C0D1F84005DA10E /* stores.framework */ = {isa = PBXFileReference; explicitFileType = wrapper.framework; path = stores.framework; sourceTree = BUILT_PRODUCTS_DIR; };
		118941C62C0D201B005DA10E /* StoresScreen.swift */ = {isa = PBXFileReference; lastKnownFileType = sourcecode.swift; path = StoresScreen.swift; sourceTree = "<group>"; };
		118941C82C0D205A005DA10E /* StoresViewModel.swift */ = {isa = PBXFileReference; lastKnownFileType = sourcecode.swift; path = StoresViewModel.swift; sourceTree = "<group>"; };
		118941D32C0D435E005DA10E /* common.framework */ = {isa = PBXFileReference; explicitFileType = wrapper.framework; path = common.framework; sourceTree = BUILT_PRODUCTS_DIR; };
		118941D62C0D4940005DA10E /* networking.framework */ = {isa = PBXFileReference; explicitFileType = wrapper.framework; path = networking.framework; sourceTree = BUILT_PRODUCTS_DIR; };
		118941DD2C0D5068005DA10E /* StoreRemoteRepositoryMock.swift */ = {isa = PBXFileReference; lastKnownFileType = sourcecode.swift; path = StoreRemoteRepositoryMock.swift; sourceTree = "<group>"; };
/* End PBXFileReference section */

/* Begin PBXFrameworksBuildPhase section */
		1147CF852C0D155400B4F3D9 /* Frameworks */ = {
			isa = PBXFrameworksBuildPhase;
			buildActionMask = 2147483647;
			files = (
				118941C02C0D1F84005DA10E /* stores.framework in Frameworks */,
				118941D42C0D435E005DA10E /* common.framework in Frameworks */,
			);
			runOnlyForDeploymentPostprocessing = 0;
		};
/* End PBXFrameworksBuildPhase section */

/* Begin PBXGroup section */
		1147CF7E2C0D155400B4F3D9 = {
			isa = PBXGroup;
			children = (
				1147CF8A2C0D155400B4F3D9 /* stores-ui */,
				1147CF892C0D155400B4F3D9 /* Products */,
				118941BE2C0D1F84005DA10E /* Frameworks */,
			);
			sourceTree = "<group>";
		};
		1147CF892C0D155400B4F3D9 /* Products */ = {
			isa = PBXGroup;
			children = (
				1147CF882C0D155400B4F3D9 /* stores_ui.framework */,
			);
			name = Products;
			sourceTree = "<group>";
		};
		1147CF8A2C0D155400B4F3D9 /* stores-ui */ = {
			isa = PBXGroup;
			children = (
				118941DC2C0D5056005DA10E /* utils */,
				118941C52C0D1FE7005DA10E /* viewmodel */,
				118941C42C0D1FE1005DA10E /* views */,
				118941C32C0D1FD8005DA10E /* screens */,
				1147CF8B2C0D155400B4F3D9 /* stores_ui.h */,
			);
			path = "stores-ui";
			sourceTree = "<group>";
		};
		118941BE2C0D1F84005DA10E /* Frameworks */ = {
			isa = PBXGroup;
			children = (
				118941D62C0D4940005DA10E /* networking.framework */,
				118941D32C0D435E005DA10E /* common.framework */,
				118941BF2C0D1F84005DA10E /* stores.framework */,
			);
			name = Frameworks;
			sourceTree = "<group>";
		};
		118941C32C0D1FD8005DA10E /* screens */ = {
			isa = PBXGroup;
			children = (
				118941C62C0D201B005DA10E /* StoresScreen.swift */,
			);
			path = screens;
			sourceTree = "<group>";
		};
		118941C42C0D1FE1005DA10E /* views */ = {
			isa = PBXGroup;
			children = (
			);
			path = views;
			sourceTree = "<group>";
		};
		118941C52C0D1FE7005DA10E /* viewmodel */ = {
			isa = PBXGroup;
			children = (
				118941C82C0D205A005DA10E /* StoresViewModel.swift */,
			);
			path = viewmodel;
			sourceTree = "<group>";
		};
		118941DC2C0D5056005DA10E /* utils */ = {
			isa = PBXGroup;
			children = (
				118941DD2C0D5068005DA10E /* StoreRemoteRepositoryMock.swift */,
			);
			path = utils;
			sourceTree = "<group>";
		};
/* End PBXGroup section */

/* Begin PBXHeadersBuildPhase section */
		1147CF832C0D155400B4F3D9 /* Headers */ = {
			isa = PBXHeadersBuildPhase;
			buildActionMask = 2147483647;
			files = (
				1147CF8C2C0D155400B4F3D9 /* stores_ui.h in Headers */,
			);
			runOnlyForDeploymentPostprocessing = 0;
		};
/* End PBXHeadersBuildPhase section */

/* Begin PBXNativeTarget section */
		1147CF872C0D155400B4F3D9 /* stores-ui */ = {
			isa = PBXNativeTarget;
			buildConfigurationList = 1147CF8F2C0D155400B4F3D9 /* Build configuration list for PBXNativeTarget "stores-ui" */;
			buildPhases = (
				1147CF832C0D155400B4F3D9 /* Headers */,
				1147CF842C0D155400B4F3D9 /* Sources */,
				1147CF852C0D155400B4F3D9 /* Frameworks */,
				1147CF862C0D155400B4F3D9 /* Resources */,
				118941C22C0D1F84005DA10E /* Embed Frameworks */,
			);
			buildRules = (
			);
			dependencies = (
			);
			name = "stores-ui";
			productName = "stores-ui";
			productReference = 1147CF882C0D155400B4F3D9 /* stores_ui.framework */;
			productType = "com.apple.product-type.framework";
		};
/* End PBXNativeTarget section */

/* Begin PBXProject section */
		1147CF7F2C0D155400B4F3D9 /* Project object */ = {
			isa = PBXProject;
			attributes = {
				BuildIndependentTargetsInParallel = 1;
				LastUpgradeCheck = 1540;
				TargetAttributes = {
					1147CF872C0D155400B4F3D9 = {
						CreatedOnToolsVersion = 15.4;
						LastSwiftMigration = 1540;
					};
				};
			};
			buildConfigurationList = 1147CF822C0D155400B4F3D9 /* Build configuration list for PBXProject "stores-ui" */;
			compatibilityVersion = "Xcode 14.0";
			developmentRegion = en;
			hasScannedForEncodings = 0;
			knownRegions = (
				en,
				Base,
			);
			mainGroup = 1147CF7E2C0D155400B4F3D9;
			productRefGroup = 1147CF892C0D155400B4F3D9 /* Products */;
			projectDirPath = "";
			projectRoot = "";
			targets = (
				1147CF872C0D155400B4F3D9 /* stores-ui */,
			);
		};
/* End PBXProject section */

/* Begin PBXResourcesBuildPhase section */
		1147CF862C0D155400B4F3D9 /* Resources */ = {
			isa = PBXResourcesBuildPhase;
			buildActionMask = 2147483647;
			files = (
			);
			runOnlyForDeploymentPostprocessing = 0;
		};
/* End PBXResourcesBuildPhase section */

/* Begin PBXSourcesBuildPhase section */
		1147CF842C0D155400B4F3D9 /* Sources */ = {
			isa = PBXSourcesBuildPhase;
			buildActionMask = 2147483647;
			files = (
				118941DE2C0D5068005DA10E /* StoreRemoteRepositoryMock.swift in Sources */,
				118941C92C0D205A005DA10E /* StoresViewModel.swift in Sources */,
				118941C72C0D201B005DA10E /* StoresScreen.swift in Sources */,
			);
			runOnlyForDeploymentPostprocessing = 0;
		};
/* End PBXSourcesBuildPhase section */

/* Begin XCBuildConfiguration section */
		1147CF8D2C0D155400B4F3D9 /* Debug */ = {
			isa = XCBuildConfiguration;
			buildSettings = {
				ALWAYS_SEARCH_USER_PATHS = NO;
				ASSETCATALOG_COMPILER_GENERATE_SWIFT_ASSET_SYMBOL_EXTENSIONS = YES;
				CLANG_ANALYZER_NONNULL = YES;
				CLANG_ANALYZER_NUMBER_OBJECT_CONVERSION = YES_AGGRESSIVE;
				CLANG_CXX_LANGUAGE_STANDARD = "gnu++20";
				CLANG_ENABLE_MODULES = YES;
				CLANG_ENABLE_OBJC_ARC = YES;
				CLANG_ENABLE_OBJC_WEAK = YES;
				CLANG_WARN_BLOCK_CAPTURE_AUTORELEASING = YES;
				CLANG_WARN_BOOL_CONVERSION = YES;
				CLANG_WARN_COMMA = YES;
				CLANG_WARN_CONSTANT_CONVERSION = YES;
				CLANG_WARN_DEPRECATED_OBJC_IMPLEMENTATIONS = YES;
				CLANG_WARN_DIRECT_OBJC_ISA_USAGE = YES_ERROR;
				CLANG_WARN_DOCUMENTATION_COMMENTS = YES;
				CLANG_WARN_EMPTY_BODY = YES;
				CLANG_WARN_ENUM_CONVERSION = YES;
				CLANG_WARN_INFINITE_RECURSION = YES;
				CLANG_WARN_INT_CONVERSION = YES;
				CLANG_WARN_NON_LITERAL_NULL_CONVERSION = YES;
				CLANG_WARN_OBJC_IMPLICIT_RETAIN_SELF = YES;
				CLANG_WARN_OBJC_LITERAL_CONVERSION = YES;
				CLANG_WARN_OBJC_ROOT_CLASS = YES_ERROR;
				CLANG_WARN_QUOTED_INCLUDE_IN_FRAMEWORK_HEADER = YES;
				CLANG_WARN_RANGE_LOOP_ANALYSIS = YES;
				CLANG_WARN_STRICT_PROTOTYPES = YES;
				CLANG_WARN_SUSPICIOUS_MOVE = YES;
				CLANG_WARN_UNGUARDED_AVAILABILITY = YES_AGGRESSIVE;
				CLANG_WARN_UNREACHABLE_CODE = YES;
				CLANG_WARN__DUPLICATE_METHOD_MATCH = YES;
				COPY_PHASE_STRIP = NO;
				CURRENT_PROJECT_VERSION = 1;
				DEBUG_INFORMATION_FORMAT = dwarf;
				ENABLE_STRICT_OBJC_MSGSEND = YES;
				ENABLE_TESTABILITY = YES;
				ENABLE_USER_SCRIPT_SANDBOXING = YES;
				GCC_C_LANGUAGE_STANDARD = gnu17;
				GCC_DYNAMIC_NO_PIC = NO;
				GCC_NO_COMMON_BLOCKS = YES;
				GCC_OPTIMIZATION_LEVEL = 0;
				GCC_PREPROCESSOR_DEFINITIONS = (
					"DEBUG=1",
					"$(inherited)",
				);
				GCC_WARN_64_TO_32_BIT_CONVERSION = YES;
				GCC_WARN_ABOUT_RETURN_TYPE = YES_ERROR;
				GCC_WARN_UNDECLARED_SELECTOR = YES;
				GCC_WARN_UNINITIALIZED_AUTOS = YES_AGGRESSIVE;
				GCC_WARN_UNUSED_FUNCTION = YES;
				GCC_WARN_UNUSED_VARIABLE = YES;
				IPHONEOS_DEPLOYMENT_TARGET = 17.5;
				LOCALIZATION_PREFERS_STRING_CATALOGS = YES;
				MTL_ENABLE_DEBUG_INFO = INCLUDE_SOURCE;
				MTL_FAST_MATH = YES;
				ONLY_ACTIVE_ARCH = YES;
				SDKROOT = iphoneos;
				SWIFT_ACTIVE_COMPILATION_CONDITIONS = "DEBUG $(inherited)";
				SWIFT_OPTIMIZATION_LEVEL = "-Onone";
				VERSIONING_SYSTEM = "apple-generic";
				VERSION_INFO_PREFIX = "";
			};
			name = Debug;
		};
		1147CF8E2C0D155400B4F3D9 /* Release */ = {
			isa = XCBuildConfiguration;
			buildSettings = {
				ALWAYS_SEARCH_USER_PATHS = NO;
				ASSETCATALOG_COMPILER_GENERATE_SWIFT_ASSET_SYMBOL_EXTENSIONS = YES;
				CLANG_ANALYZER_NONNULL = YES;
				CLANG_ANALYZER_NUMBER_OBJECT_CONVERSION = YES_AGGRESSIVE;
				CLANG_CXX_LANGUAGE_STANDARD = "gnu++20";
				CLANG_ENABLE_MODULES = YES;
				CLANG_ENABLE_OBJC_ARC = YES;
				CLANG_ENABLE_OBJC_WEAK = YES;
				CLANG_WARN_BLOCK_CAPTURE_AUTORELEASING = YES;
				CLANG_WARN_BOOL_CONVERSION = YES;
				CLANG_WARN_COMMA = YES;
				CLANG_WARN_CONSTANT_CONVERSION = YES;
				CLANG_WARN_DEPRECATED_OBJC_IMPLEMENTATIONS = YES;
				CLANG_WARN_DIRECT_OBJC_ISA_USAGE = YES_ERROR;
				CLANG_WARN_DOCUMENTATION_COMMENTS = YES;
				CLANG_WARN_EMPTY_BODY = YES;
				CLANG_WARN_ENUM_CONVERSION = YES;
				CLANG_WARN_INFINITE_RECURSION = YES;
				CLANG_WARN_INT_CONVERSION = YES;
				CLANG_WARN_NON_LITERAL_NULL_CONVERSION = YES;
				CLANG_WARN_OBJC_IMPLICIT_RETAIN_SELF = YES;
				CLANG_WARN_OBJC_LITERAL_CONVERSION = YES;
				CLANG_WARN_OBJC_ROOT_CLASS = YES_ERROR;
				CLANG_WARN_QUOTED_INCLUDE_IN_FRAMEWORK_HEADER = YES;
				CLANG_WARN_RANGE_LOOP_ANALYSIS = YES;
				CLANG_WARN_STRICT_PROTOTYPES = YES;
				CLANG_WARN_SUSPICIOUS_MOVE = YES;
				CLANG_WARN_UNGUARDED_AVAILABILITY = YES_AGGRESSIVE;
				CLANG_WARN_UNREACHABLE_CODE = YES;
				CLANG_WARN__DUPLICATE_METHOD_MATCH = YES;
				COPY_PHASE_STRIP = NO;
				CURRENT_PROJECT_VERSION = 1;
				DEBUG_INFORMATION_FORMAT = "dwarf-with-dsym";
				ENABLE_NS_ASSERTIONS = NO;
				ENABLE_STRICT_OBJC_MSGSEND = YES;
				ENABLE_USER_SCRIPT_SANDBOXING = YES;
				GCC_C_LANGUAGE_STANDARD = gnu17;
				GCC_NO_COMMON_BLOCKS = YES;
				GCC_WARN_64_TO_32_BIT_CONVERSION = YES;
				GCC_WARN_ABOUT_RETURN_TYPE = YES_ERROR;
				GCC_WARN_UNDECLARED_SELECTOR = YES;
				GCC_WARN_UNINITIALIZED_AUTOS = YES_AGGRESSIVE;
				GCC_WARN_UNUSED_FUNCTION = YES;
				GCC_WARN_UNUSED_VARIABLE = YES;
				IPHONEOS_DEPLOYMENT_TARGET = 17.5;
				LOCALIZATION_PREFERS_STRING_CATALOGS = YES;
				MTL_ENABLE_DEBUG_INFO = NO;
				MTL_FAST_MATH = YES;
				SDKROOT = iphoneos;
				SWIFT_COMPILATION_MODE = wholemodule;
				VALIDATE_PRODUCT = YES;
				VERSIONING_SYSTEM = "apple-generic";
				VERSION_INFO_PREFIX = "";
			};
			name = Release;
		};
		1147CF902C0D155400B4F3D9 /* Debug */ = {
			isa = XCBuildConfiguration;
			buildSettings = {
				BUILD_LIBRARY_FOR_DISTRIBUTION = YES;
				CLANG_ENABLE_MODULES = YES;
				CODE_SIGN_STYLE = Automatic;
				CURRENT_PROJECT_VERSION = 1;
				DEFINES_MODULE = YES;
				DYLIB_COMPATIBILITY_VERSION = 1;
				DYLIB_CURRENT_VERSION = 1;
				DYLIB_INSTALL_NAME_BASE = "@rpath";
				ENABLE_MODULE_VERIFIER = YES;
				GENERATE_INFOPLIST_FILE = YES;
				INFOPLIST_KEY_NSHumanReadableCopyright = "";
				INSTALL_PATH = "$(LOCAL_LIBRARY_DIR)/Frameworks";
				LD_RUNPATH_SEARCH_PATHS = (
					"$(inherited)",
					"@executable_path/Frameworks",
					"@loader_path/Frameworks",
				);
				MARKETING_VERSION = 1.0;
				MODULE_VERIFIER_SUPPORTED_LANGUAGES = "objective-c objective-c++";
				MODULE_VERIFIER_SUPPORTED_LANGUAGE_STANDARDS = "gnu17 gnu++20";
				PRODUCT_BUNDLE_IDENTIFIER = "alexanderommelsw.stores-ui";
				PRODUCT_NAME = "$(TARGET_NAME:c99extidentifier)";
				SKIP_INSTALL = YES;
				SWIFT_EMIT_LOC_STRINGS = YES;
				SWIFT_INSTALL_OBJC_HEADER = NO;
				SWIFT_OPTIMIZATION_LEVEL = "-Onone";
				SWIFT_VERSION = 5.0;
				TARGETED_DEVICE_FAMILY = "1,2";
			};
			name = Debug;
		};
		1147CF912C0D155400B4F3D9 /* Release */ = {
			isa = XCBuildConfiguration;
			buildSettings = {
				BUILD_LIBRARY_FOR_DISTRIBUTION = YES;
				CLANG_ENABLE_MODULES = YES;
				CODE_SIGN_STYLE = Automatic;
				CURRENT_PROJECT_VERSION = 1;
				DEFINES_MODULE = YES;
				DYLIB_COMPATIBILITY_VERSION = 1;
				DYLIB_CURRENT_VERSION = 1;
				DYLIB_INSTALL_NAME_BASE = "@rpath";
				ENABLE_MODULE_VERIFIER = YES;
				GENERATE_INFOPLIST_FILE = YES;
				INFOPLIST_KEY_NSHumanReadableCopyright = "";
				INSTALL_PATH = "$(LOCAL_LIBRARY_DIR)/Frameworks";
				LD_RUNPATH_SEARCH_PATHS = (
					"$(inherited)",
					"@executable_path/Frameworks",
					"@loader_path/Frameworks",
				);
				MARKETING_VERSION = 1.0;
				MODULE_VERIFIER_SUPPORTED_LANGUAGES = "objective-c objective-c++";
				MODULE_VERIFIER_SUPPORTED_LANGUAGE_STANDARDS = "gnu17 gnu++20";
				PRODUCT_BUNDLE_IDENTIFIER = "alexanderommelsw.stores-ui";
				PRODUCT_NAME = "$(TARGET_NAME:c99extidentifier)";
				SKIP_INSTALL = YES;
				SWIFT_EMIT_LOC_STRINGS = YES;
				SWIFT_INSTALL_OBJC_HEADER = NO;
				SWIFT_VERSION = 5.0;
				TARGETED_DEVICE_FAMILY = "1,2";
			};
			name = Release;
		};
/* End XCBuildConfiguration section */

/* Begin XCConfigurationList section */
		1147CF822C0D155400B4F3D9 /* Build configuration list for PBXProject "stores-ui" */ = {
			isa = XCConfigurationList;
			buildConfigurations = (
				1147CF8D2C0D155400B4F3D9 /* Debug */,
				1147CF8E2C0D155400B4F3D9 /* Release */,
			);
			defaultConfigurationIsVisible = 0;
			defaultConfigurationName = Release;
		};
		1147CF8F2C0D155400B4F3D9 /* Build configuration list for PBXNativeTarget "stores-ui" */ = {
			isa = XCConfigurationList;
			buildConfigurations = (
				1147CF902C0D155400B4F3D9 /* Debug */,
				1147CF912C0D155400B4F3D9 /* Release */,
			);
			defaultConfigurationIsVisible = 0;
			defaultConfigurationName = Release;
		};
/* End XCConfigurationList section */
	};
	rootObject = 1147CF7F2C0D155400B4F3D9 /* Project object */;
}
